
Microsoft Visual Studio Solution File, Format Version 12.00
# Visual Studio Version 17
VisualStudioVersion = 17.5.33502.453
MinimumVisualStudioVersion = 10.0.40219.1
Project("{8BC9CEB8-8B4A-11D0-8D11-00A0C91BC942}") = "CSSProcessingEngine", "CSSProcessingEngine\CSSProcessingEngine.vcxproj", "{023CA57A-DAA2-44F7-A81F-2B9FA7E42978}"
EndProject
Global
	GlobalSection(SolutionConfigurationPlatforms) = preSolution
		Debug|x64 = Debug|x64
		Debug|x86 = Debug|x86
		Release|x64 = Release|x64
		Release|x86 = Release|x86
	EndGlobalSection
	GlobalSection(ProjectConfigurationPlatforms) = postSolution
		{023CA57A-DAA2-44F7-A81F-2B9FA7E42978}.Debug|x64.ActiveCfg = Debug|x64
		{023CA57A-DAA2-44F7-A81F-2B9FA7E42978}.Debug|x64.Build.0 = Debug|x64
		{023CA57A-DAA2-44F7-A81F-2B9FA7E42978}.Debug|x86.ActiveCfg = Debug|Win32
		{023CA57A-DAA2-44F7-A81F-2B9FA7E42978}.Debug|x86.Build.0 = Debug|Win32
		{023CA57A-DAA2-44F7-A81F-2B9FA7E42978}.Release|x64.ActiveCfg = Release|x64
		{023CA57A-DAA2-44F7-A81F-2B9FA7E42978}.Release|x64.Build.0 = Release|x64
		{023CA57A-DAA2-44F7-A81F-2B9FA7E42978}.Release|x86.ActiveCfg = Release|Win32
		{023CA57A-DAA2-44F7-A81F-2B9FA7E42978}.Release|x86.Build.0 = Release|Win32
	EndGlobalSection
	GlobalSection(SolutionProperties) = preSolution
		HideSolutionNode = FALSE
	EndGlobalSection
	GlobalSection(ExtensibilityGlobals) = postSolution
		SolutionGuid = {5E353AA7-A8D0-4C8F-BFCC-F0EDB01A022F}
	EndGlobalSection
EndGlobal
